
Microsoft Visual Studio Solution File, Format Version 12.00
# Visual Studio Version 17
VisualStudioVersion = 17.4.33205.214
MinimumVisualStudioVersion = 10.0.40219.1
Project("{FAE04EC0-301F-11D3-BF4B-00C04F79EFBC}") = "GarageManagementSystem", "GarageManagementSystem\GarageManagementSystem.csproj", "{0B2130B1-7CC8-4D34-9CCD-3018604E8260}"
EndProject
Global
	GlobalSection(SolutionConfigurationPlatforms) = preSolution
		Debug|Any CPU = Debug|Any CPU
		Release|Any CPU = Release|Any CPU
	EndGlobalSection
	GlobalSection(ProjectConfigurationPlatforms) = postSolution
		{0B2130B1-7CC8-4D34-9CCD-3018604E8260}.Debug|Any CPU.ActiveCfg = Debug|Any CPU
		{0B2130B1-7CC8-4D34-9CCD-3018604E8260}.Debug|Any CPU.Build.0 = Debug|Any CPU
		{0B2130B1-7CC8-4D34-9CCD-3018604E8260}.Release|Any CPU.ActiveCfg = Release|Any CPU
		{0B2130B1-7CC8-4D34-9CCD-3018604E8260}.Release|Any CPU.Build.0 = Release|Any CPU
	EndGlobalSection
	GlobalSection(SolutionProperties) = preSolution
		HideSolutionNode = FALSE
	EndGlobalSection
	GlobalSection(ExtensibilityGlobals) = postSolution
		SolutionGuid = {EF0E626C-3BC6-4DD5-AE14-00DCA30B5D9B}
	EndGlobalSection
EndGlobal
